
Microsoft Visual Studio Solution File, Format Version 12.00
# Visual Studio Version 17
VisualStudioVersion = 17.13.35806.99 d17.13
MinimumVisualStudioVersion = 10.0.40219.1
Project("{FAE04EC0-301F-11D3-BF4B-00C04F79EFBC}") = "WpfApp", "WpfApp\WpfApp.csproj", "{8A5F5DCF-5A0A-436C-AAD0-11D312FC94C2}"
EndProject
Global
	GlobalSection(SolutionConfigurationPlatforms) = preSolution
		Debug|Any CPU = Debug|Any CPU
		Release|Any CPU = Release|Any CPU
	EndGlobalSection
	GlobalSection(ProjectConfigurationPlatforms) = postSolution
		{8A5F5DCF-5A0A-436C-AAD0-11D312FC94C2}.Debug|Any CPU.ActiveCfg = Debug|Any CPU
		{8A5F5DCF-5A0A-436C-AAD0-11D312FC94C2}.Debug|Any CPU.Build.0 = Debug|Any CPU
		{8A5F5DCF-5A0A-436C-AAD0-11D312FC94C2}.Release|Any CPU.ActiveCfg = Release|Any CPU
		{8A5F5DCF-5A0A-436C-AAD0-11D312FC94C2}.Release|Any CPU.Build.0 = Release|Any CPU
	EndGlobalSection
	GlobalSection(SolutionProperties) = preSolution
		HideSolutionNode = FALSE
	EndGlobalSection
	GlobalSection(ExtensibilityGlobals) = postSolution
		SolutionGuid = {8413D3F1-E79A-4D94-87CD-B19EAF896A46}
	EndGlobalSection
EndGlobal
